// !$*UTF8*$!
{
	archiveVersion = 1;
	classes = {
	};
	objectVersion = 46;
	objects = {

/* Begin PBXBuildFile section */
		FD4BC159193F84C100102D5D /* AppDelegate.swift in Sources */ = {isa = PBXBuildFile; fileRef = FD4BC158193F84C100102D5D /* AppDelegate.swift */; };
		FD4BC15B193F84C100102D5D /* ViewController.swift in Sources */ = {isa = PBXBuildFile; fileRef = FD4BC15A193F84C100102D5D /* ViewController.swift */; };
		FD4BC15E193F84C100102D5D /* Main.storyboard in Resources */ = {isa = PBXBuildFile; fileRef = FD4BC15C193F84C100102D5D /* Main.storyboard */; };
		FD4BC160193F84C100102D5D /* Images.xcassets in Resources */ = {isa = PBXBuildFile; fileRef = FD4BC15F193F84C100102D5D /* Images.xcassets */; };
		FD4BC16C193F84C100102D5D /* background_switcherTests.swift in Sources */ = {isa = PBXBuildFile; fileRef = FD4BC16B193F84C100102D5D /* background_switcherTests.swift */; };
/* End PBXBuildFile section */

/* Begin PBXContainerItemProxy section */
		FD4BC166193F84C100102D5D /* PBXContainerItemProxy */ = {
			isa = PBXContainerItemProxy;
			containerPortal = FD4BC14B193F84C100102D5D /* Project object */;
			proxyType = 1;
			remoteGlobalIDString = FD4BC152193F84C100102D5D;
			remoteInfo = background_switcher;
		};
/* End PBXContainerItemProxy section */

/* Begin PBXFileReference section */
		FD4BC153193F84C100102D5D /* background_switcher.app */ = {isa = PBXFileReference; explicitFileType = wrapper.application; includeInIndex = 0; path = background_switcher.app; sourceTree = BUILT_PRODUCTS_DIR; };
		FD4BC157193F84C100102D5D /* Info.plist */ = {isa = PBXFileReference; lastKnownFileType = text.plist.xml; path = Info.plist; sourceTree = "<group>"; };
		FD4BC158193F84C100102D5D /* AppDelegate.swift */ = {isa = PBXFileReference; lastKnownFileType = sourcecode.swift; path = AppDelegate.swift; sourceTree = "<group>"; };
		FD4BC15A193F84C100102D5D /* ViewController.swift */ = {isa = PBXFileReference; lastKnownFileType = sourcecode.swift; path = ViewController.swift; sourceTree = "<group>"; };
		FD4BC15D193F84C100102D5D /* Base */ = {isa = PBXFileReference; lastKnownFileType = file.storyboard; name = Base; path = Base.lproj/Main.storyboard; sourceTree = "<group>"; };
		FD4BC15F193F84C100102D5D /* Images.xcassets */ = {isa = PBXFileReference; lastKnownFileType = folder.assetcatalog; path = Images.xcassets; sourceTree = "<group>"; };
		FD4BC165193F84C100102D5D /* background_switcherTests.xctest */ = {isa = PBXFileReference; explicitFileType = wrapper.cfbundle; includeInIndex = 0; path = background_switcherTests.xctest; sourceTree = BUILT_PRODUCTS_DIR; };
		FD4BC16A193F84C100102D5D /* Info.plist */ = {isa = PBXFileReference; lastKnownFileType = text.plist.xml; path = Info.plist; sourceTree = "<group>"; };
		FD4BC16B193F84C100102D5D /* background_switcherTests.swift */ = {isa = PBXFileReference; lastKnownFileType = sourcecode.swift; path = background_switcherTests.swift; sourceTree = "<group>"; };
/* End PBXFileReference section */

/* Begin PBXFrameworksBuildPhase section */
		FD4BC150193F84C100102D5D /* Frameworks */ = {
			isa = PBXFrameworksBuildPhase;
			buildActionMask = 2147483647;
			files = (
			);
			runOnlyForDeploymentPostprocessing = 0;
		};
		FD4BC162193F84C100102D5D /* Frameworks */ = {
			isa = PBXFrameworksBuildPhase;
			buildActionMask = 2147483647;
			files = (
			);
			runOnlyForDeploymentPostprocessing = 0;
		};
/* End PBXFrameworksBuildPhase section */

/* Begin PBXGroup section */
		FD4BC14A193F84C000102D5D = {
			isa = PBXGroup;
			children = (
				FD4BC155193F84C100102D5D /* background_switcher */,
				FD4BC168193F84C100102D5D /* background_switcherTests */,
				FD4BC154193F84C100102D5D /* Products */,
			);
			sourceTree = "<group>";
		};
		FD4BC154193F84C100102D5D /* Products */ = {
			isa = PBXGroup;
			children = (
				FD4BC153193F84C100102D5D /* background_switcher.app */,
				FD4BC165193F84C100102D5D /* background_switcherTests.xctest */,
			);
			name = Products;
			sourceTree = "<group>";
		};
		FD4BC155193F84C100102D5D /* background_switcher */ = {
			isa = PBXGroup;
			children = (
				FD4BC158193F84C100102D5D /* AppDelegate.swift */,
				FD4BC15A193F84C100102D5D /* ViewController.swift */,
				FD4BC15C193F84C100102D5D /* Main.storyboard */,
				FD4BC15F193F84C100102D5D /* Images.xcassets */,
				FD4BC156193F84C100102D5D /* Supporting Files */,
			);
			path = background_switcher;
			sourceTree = "<group>";
		};
		FD4BC156193F84C100102D5D /* Supporting Files */ = {
			isa = PBXGroup;
			children = (
				FD4BC157193F84C100102D5D /* Info.plist */,
			);
			name = "Supporting Files";
			sourceTree = "<group>";
		};
		FD4BC168193F84C100102D5D /* background_switcherTests */ = {
			isa = PBXGroup;
			children = (
				FD4BC16B193F84C100102D5D /* background_switcherTests.swift */,
				FD4BC169193F84C100102D5D /* Supporting Files */,
			);
			path = background_switcherTests;
			sourceTree = "<group>";
		};
		FD4BC169193F84C100102D5D /* Supporting Files */ = {
			isa = PBXGroup;
			children = (
				FD4BC16A193F84C100102D5D /* Info.plist */,
			);
			name = "Supporting Files";
			sourceTree = "<group>";
		};
/* End PBXGroup section */

/* Begin PBXNativeTarget section */
		FD4BC152193F84C100102D5D /* background_switcher */ = {
			isa = PBXNativeTarget;
			buildConfigurationList = FD4BC16F193F84C100102D5D /* Build configuration list for PBXNativeTarget "background_switcher" */;
			buildPhases = (
				FD4BC14F193F84C100102D5D /* Sources */,
				FD4BC150193F84C100102D5D /* Frameworks */,
				FD4BC151193F84C100102D5D /* Resources */,
			);
			buildRules = (
			);
			dependencies = (
			);
			name = background_switcher;
			productName = background_switcher;
			productReference = FD4BC153193F84C100102D5D /* background_switcher.app */;
			productType = "com.apple.product-type.application";
		};
		FD4BC164193F84C100102D5D /* background_switcherTests */ = {
			isa = PBXNativeTarget;
			buildConfigurationList = FD4BC172193F84C100102D5D /* Build configuration list for PBXNativeTarget "background_switcherTests" */;
			buildPhases = (
				FD4BC161193F84C100102D5D /* Sources */,
				FD4BC162193F84C100102D5D /* Frameworks */,
				FD4BC163193F84C100102D5D /* Resources */,
			);
			buildRules = (
			);
			dependencies = (
				FD4BC167193F84C100102D5D /* PBXTargetDependency */,
			);
			name = background_switcherTests;
			productName = background_switcherTests;
			productReference = FD4BC165193F84C100102D5D /* background_switcherTests.xctest */;
			productType = "com.apple.product-type.bundle.unit-test";
		};
/* End PBXNativeTarget section */

/* Begin PBXProject section */
		FD4BC14B193F84C100102D5D /* Project object */ = {
			isa = PBXProject;
			attributes = {
				LastUpgradeCheck = 0600;
				ORGANIZATIONNAME = "Gareth Paul Jones";
				TargetAttributes = {
					FD4BC152193F84C100102D5D = {
						CreatedOnToolsVersion = 6.0;
					};
					FD4BC164193F84C100102D5D = {
						CreatedOnToolsVersion = 6.0;
						TestTargetID = FD4BC152193F84C100102D5D;
					};
				};
			};
			buildConfigurationList = FD4BC14E193F84C100102D5D /* Build configuration list for PBXProject "background_switcher" */;
			compatibilityVersion = "Xcode 3.2";
			developmentRegion = English;
			hasScannedForEncodings = 0;
			knownRegions = (
				en,
				Base,
			);
			mainGroup = FD4BC14A193F84C000102D5D;
			productRefGroup = FD4BC154193F84C100102D5D /* Products */;
			projectDirPath = "";
			projectRoot = "";
			targets = (
				FD4BC152193F84C100102D5D /* background_switcher */,
				FD4BC164193F84C100102D5D /* background_switcherTests */,
			);
		};
/* End PBXProject section */

/* Begin PBXResourcesBuildPhase section */
		FD4BC151193F84C100102D5D /* Resources */ = {
			isa = PBXResourcesBuildPhase;
			buildActionMask = 2147483647;
			files = (
				FD4BC15E193F84C100102D5D /* Main.storyboard in Resources */,
				FD4BC160193F84C100102D5D /* Images.xcassets in Resources */,
			);
			runOnlyForDeploymentPostprocessing = 0;
		};
		FD4BC163193F84C100102D5D /* Resources */ = {
			isa = PBXResourcesBuildPhase;
			buildActionMask = 2147483647;
			files = (
			);
			runOnlyForDeploymentPostprocessing = 0;
		};
/* End PBXResourcesBuildPhase section */

/* Begin PBXSourcesBuildPhase section */
		FD4BC14F193F84C100102D5D /* Sources */ = {
			isa = PBXSourcesBuildPhase;
			buildActionMask = 2147483647;
			files = (
				FD4BC15B193F84C100102D5D /* ViewController.swift in Sources */,
				FD4BC159193F84C100102D5D /* AppDelegate.swift in Sources */,
			);
			runOnlyForDeploymentPostprocessing = 0;
		};
		FD4BC161193F84C100102D5D /* Sources */ = {
			isa = PBXSourcesBuildPhase;
			buildActionMask = 2147483647;
			files = (
				FD4BC16C193F84C100102D5D /* background_switcherTests.swift in Sources */,
			);
			runOnlyForDeploymentPostprocessing = 0;
		};
/* End PBXSourcesBuildPhase section */

/* Begin PBXTargetDependency section */
		FD4BC167193F84C100102D5D /* PBXTargetDependency */ = {
			isa = PBXTargetDependency;
			target = FD4BC152193F84C100102D5D /* background_switcher */;
			targetProxy = FD4BC166193F84C100102D5D /* PBXContainerItemProxy */;
		};
/* End PBXTargetDependency section */

/* Begin PBXVariantGroup section */
		FD4BC15C193F84C100102D5D /* Main.storyboard */ = {
			isa = PBXVariantGroup;
			children = (
				FD4BC15D193F84C100102D5D /* Base */,
			);
			name = Main.storyboard;
			sourceTree = "<group>";
		};
/* End PBXVariantGroup section */

/* Begin XCBuildConfiguration section */
		FD4BC16D193F84C100102D5D /* Debug */ = {
			isa = XCBuildConfiguration;
			buildSettings = {
				ALWAYS_SEARCH_USER_PATHS = NO;
				CLANG_CXX_LANGUAGE_STANDARD = "gnu++0x";
				CLANG_CXX_LIBRARY = "libc++";
				CLANG_ENABLE_MODULES = YES;
				CLANG_ENABLE_OBJC_ARC = YES;
				CLANG_WARN_BOOL_CONVERSION = YES;
				CLANG_WARN_CONSTANT_CONVERSION = YES;
				CLANG_WARN_DIRECT_OBJC_ISA_USAGE = YES_ERROR;
				CLANG_WARN_EMPTY_BODY = YES;
				CLANG_WARN_ENUM_CONVERSION = YES;
				CLANG_WARN_INT_CONVERSION = YES;
				CLANG_WARN_OBJC_ROOT_CLASS = YES_ERROR;
				CLANG_WARN_UNREACHABLE_CODE = YES;
				CLANG_WARN__DUPLICATE_METHOD_MATCH = YES;
				"CODE_SIGN_IDENTITY[sdk=iphoneos*]" = "iPhone Developer";
				COPY_PHASE_STRIP = NO;
				ENABLE_STRICT_OBJC_MSGSEND = YES;
				GCC_C_LANGUAGE_STANDARD = gnu99;
				GCC_DYNAMIC_NO_PIC = NO;
				GCC_OPTIMIZATION_LEVEL = 0;
				GCC_PREPROCESSOR_DEFINITIONS = (
					"DEBUG=1",
					"$(inherited)",
				);
				GCC_SYMBOLS_PRIVATE_EXTERN = NO;
				GCC_WARN_64_TO_32_BIT_CONVERSION = YES;
				GCC_WARN_ABOUT_RETURN_TYPE = YES_ERROR;
				GCC_WARN_UNDECLARED_SELECTOR = YES;
				GCC_WARN_UNINITIALIZED_AUTOS = YES_AGGRESSIVE;
				GCC_WARN_UNUSED_FUNCTION = YES;
				GCC_WARN_UNUSED_VARIABLE = YES;
				IPHONEOS_DEPLOYMENT_TARGET = 8.0;
				METAL_ENABLE_DEBUG_INFO = YES;
				ONLY_ACTIVE_ARCH = YES;
				SDKROOT = iphoneos;
				SWIFT_OPTIMIZATION_LEVEL = "-Onone";
				TARGETED_DEVICE_FAMILY = "1,2";
			};
			name = Debug;
		};
		FD4BC16E193F84C100102D5D /* Release */ = {
			isa = XCBuildConfiguration;
			buildSettings = {
				ALWAYS_SEARCH_USER_PATHS = NO;
				CLANG_CXX_LANGUAGE_STANDARD = "gnu++0x";
				CLANG_CXX_LIBRARY = "libc++";
				CLANG_ENABLE_MODULES = YES;
				CLANG_ENABLE_OBJC_ARC = YES;
				CLANG_WARN_BOOL_CONVERSION = YES;
				CLANG_WARN_CONSTANT_CONVERSION = YES;
				CLANG_WARN_DIRECT_OBJC_ISA_USAGE = YES_ERROR;
				CLANG_WARN_EMPTY_BODY = YES;
				CLANG_WARN_ENUM_CONVERSION = YES;
				CLANG_WARN_INT_CONVERSION = YES;
				CLANG_WARN_OBJC_ROOT_CLASS = YES_ERROR;
				CLANG_WARN_UNREACHABLE_CODE = YES;
				CLANG_WARN__DUPLICATE_METHOD_MATCH = YES;
				"CODE_SIGN_IDENTITY[sdk=iphoneos*]" = "iPhone Developer";
				COPY_PHASE_STRIP = YES;
				ENABLE_NS_ASSERTIONS = NO;
				ENABLE_STRICT_OBJC_MSGSEND = YES;
				GCC_C_LANGUAGE_STANDARD = gnu99;
				GCC_WARN_64_TO_32_BIT_CONVERSION = YES;
				GCC_WARN_ABOUT_RETURN_TYPE = YES_ERROR;
				GCC_WARN_UNDECLARED_SELECTOR = YES;
				GCC_WARN_UNINITIALIZED_AUTOS = YES_AGGRESSIVE;
				GCC_WARN_UNUSED_FUNCTION = YES;
				GCC_WARN_UNUSED_VARIABLE = YES;
				IPHONEOS_DEPLOYMENT_TARGET = 8.0;
				METAL_ENABLE_DEBUG_INFO = NO;
				SDKROOT = iphoneos;
				TARGETED_DEVICE_FAMILY = "1,2";
				VALIDATE_PRODUCT = YES;
			};
			name = Release;
		};
		FD4BC170193F84C100102D5D /* Debug */ = {
			isa = XCBuildConfiguration;
			buildSettings = {
				ASSETCATALOG_COMPILER_APPICON_NAME = AppIcon;
				ASSETCATALOG_COMPILER_LAUNCHIMAGE_NAME = LaunchImage;
				INFOPLIST_FILE = background_switcher/Info.plist;
				LD_RUNPATH_SEARCH_PATHS = "$(inherited) @executable_path/Frameworks";
				PRODUCT_NAME = "$(TARGET_NAME)";
			};
			name = Debug;
		};
		FD4BC171193F84C100102D5D /* Release */ = {
			isa = XCBuildConfiguration;
			buildSettings = {
				ASSETCATALOG_COMPILER_APPICON_NAME = AppIcon;
				ASSETCATALOG_COMPILER_LAUNCHIMAGE_NAME = LaunchImage;
				INFOPLIST_FILE = background_switcher/Info.plist;
				LD_RUNPATH_SEARCH_PATHS = "$(inherited) @executable_path/Frameworks";
				PRODUCT_NAME = "$(TARGET_NAME)";
			};
			name = Release;
		};
		FD4BC173193F84C100102D5D /* Debug */ = {
			isa = XCBuildConfiguration;
			buildSettings = {
				BUNDLE_LOADER = "$(BUILT_PRODUCTS_DIR)/background_switcher.app/background_switcher";
				FRAMEWORK_SEARCH_PATHS = (
					"$(SDKROOT)/Developer/Library/Frameworks",
					"$(inherited)",
				);
				GCC_PREPROCESSOR_DEFINITIONS = (
					"DEBUG=1",
					"$(inherited)",
				);
				INFOPLIST_FILE = background_switcherTests/Info.plist;
				LD_RUNPATH_SEARCH_PATHS = "$(inherited) @executable_path/Frameworks @loader_path/Frameworks";
				METAL_ENABLE_DEBUG_INFO = YES;
				PRODUCT_NAME = "$(TARGET_NAME)";
				TEST_HOST = "$(BUNDLE_LOADER)";
			};
			name = Debug;
		};
		FD4BC174193F84C100102D5D /* Release */ = {
			isa = XCBuildConfiguration;
			buildSettings = {
				BUNDLE_LOADER = "$(BUILT_PRODUCTS_DIR)/background_switcher.app/background_switcher";
				FRAMEWORK_SEARCH_PATHS = (
					"$(SDKROOT)/Developer/Library/Frameworks",
					"$(inherited)",
				);
				INFOPLIST_FILE = background_switcherTests/Info.plist;
				LD_RUNPATH_SEARCH_PATHS = "$(inherited) @executable_path/Frameworks @loader_path/Frameworks";
				METAL_ENABLE_DEBUG_INFO = NO;
				PRODUCT_NAME = "$(TARGET_NAME)";
				TEST_HOST = "$(BUNDLE_LOADER)";
			};
			name = Release;
		};
/* End XCBuildConfiguration section */

/* Begin XCConfigurationList section */
		FD4BC14E193F84C100102D5D /* Build configuration list for PBXProject "background_switcher" */ = {
			isa = XCConfigurationList;
			buildConfigurations = (
				FD4BC16D193F84C100102D5D /* Debug */,
				FD4BC16E193F84C100102D5D /* Release */,
			);
			defaultConfigurationIsVisible = 0;
			defaultConfigurationName = Release;
		};
		FD4BC16F193F84C100102D5D /* Build configuration list for PBXNativeTarget "background_switcher" */ = {
			isa = XCConfigurationList;
			buildConfigurations = (
				FD4BC170193F84C100102D5D /* Debug */,
				FD4BC171193F84C100102D5D /* Release */,
			);
			defaultConfigurationIsVisible = 0;
		};
		FD4BC172193F84C100102D5D /* Build configuration list for PBXNativeTarget "background_switcherTests" */ = {
			isa = XCConfigurationList;
			buildConfigurations = (
				FD4BC173193F84C100102D5D /* Debug */,
				FD4BC174193F84C100102D5D /* Release */,
			);
			defaultConfigurationIsVisible = 0;
		};
/* End XCConfigurationList section */
	};
	rootObject = FD4BC14B193F84C100102D5D /* Project object */;
}
